{
  "name": "jiraactivityreportparser",
  "version": "1.0.0",
  "lockfileVersion": 2,
  "requires": true,
  "packages": {
    "": {
      "name": "jiraactivityreportparser",
      "version": "1.0.0",
      "license": "ISC",
      "dependencies": {
        "fast-xml-parser": "^4.2.2",
        "fs": "^0.0.1-security",
        "html-to-text": "^9.0.5",
        "objects-to-csv": "^1.3.6",
        "path": "^0.12.7",
        "xlsx": "^0.18.5",
        "yargs": "^17.7.2"
      }
    },
    "node_modules/@selderee/plugin-htmlparser2": {
      "version": "0.11.0",
      "resolved": "https://registry.npmjs.org/@selderee/plugin-htmlparser2/-/plugin-htmlparser2-0.11.0.tgz",
      "integrity": "sha512-P33hHGdldxGabLFjPPpaTxVolMrzrcegejx+0GxjrIb9Zv48D8yAIA/QTDR2dFl7Uz7urX8aX6+5bCZslr+gWQ==",
      "dependencies": {
        "domhandler": "^5.0.3",
        "selderee": "^0.11.0"
      },
      "funding": {
        "url": "https://ko-fi.com/killymxi"
      }
    },
    "node_modules/adler-32": {
      "version": "1.3.1",
      "resolved": "https://registry.npmjs.org/adler-32/-/adler-32-1.3.1.tgz",
      "integrity": "sha512-ynZ4w/nUUv5rrsR8UUGoe1VC9hZj6V5hU9Qw1HlMDJGEJw5S7TfTErWTjMys6M7vr0YWcPqs3qAr4ss0nDfP+A==",
      "engines": {
        "node": ">=0.8"
      }
    },
    "node_modules/ansi-regex": {
      "version": "5.0.1",
      "resolved": "https://registry.npmjs.org/ansi-regex/-/ansi-regex-5.0.1.tgz",
      "integrity": "sha512-quJQXlTSUGL2LH9SUXo8VwsY4soanhgo6LNSm84E1LBcE8s3O0wpdiRzyR9z/ZZJMlMWv37qOOb9pdJlMUEKFQ==",
      "engines": {
        "node": ">=8"
      }
    },
    "node_modules/ansi-styles": {
      "version": "4.3.0",
      "resolved": "https://registry.npmjs.org/ansi-styles/-/ansi-styles-4.3.0.tgz",
      "integrity": "sha512-zbB9rCJAT1rbjiVDb2hqKFHNYLxgtk8NURxZ3IZwD3F6NtxbXZQCnnSi1Lkx+IDohdPlFp222wVALIheZJQSEg==",
      "dependencies": {
        "color-convert": "^2.0.1"
      },
      "engines": {
        "node": ">=8"
      },
      "funding": {
        "url": "https://github.com/chalk/ansi-styles?sponsor=1"
      }
    },
    "node_modules/async-csv": {
      "version": "2.1.3",
      "resolved": "https://registry.npmjs.org/async-csv/-/async-csv-2.1.3.tgz",
      "integrity": "sha512-mpsCN+D7mzZeqrlDw7UTPhvDQDlx1i819E9fbKIt8drkgED5FSOlBv3Rk/+sXdevnO2wwlRkVOQ4kdT0AyqPqQ==",
      "dependencies": {
        "csv": "^5.1.3"
      }
    },
    "node_modules/cfb": {
      "version": "1.2.2",
      "resolved": "https://registry.npmjs.org/cfb/-/cfb-1.2.2.tgz",
      "integrity": "sha512-KfdUZsSOw19/ObEWasvBP/Ac4reZvAGauZhs6S/gqNhXhI7cKwvlH7ulj+dOEYnca4bm4SGo8C1bTAQvnTjgQA==",
      "dependencies": {
        "adler-32": "~1.3.0",
        "crc-32": "~1.2.0"
      },
      "engines": {
        "node": ">=0.8"
      }
    },
    "node_modules/cliui": {
      "version": "8.0.1",
      "resolved": "https://registry.npmjs.org/cliui/-/cliui-8.0.1.tgz",
      "integrity": "sha512-BSeNnyus75C4//NQ9gQt1/csTXyo/8Sb+afLAkzAptFuMsod9HFokGNudZpi/oQV73hnVK+sR+5PVRMd+Dr7YQ==",
      "dependencies": {
        "string-width": "^4.2.0",
        "strip-ansi": "^6.0.1",
        "wrap-ansi": "^7.0.0"
      },
      "engines": {
        "node": ">=12"
      }
    },
    "node_modules/codepage": {
      "version": "1.15.0",
      "resolved": "https://registry.npmjs.org/codepage/-/codepage-1.15.0.tgz",
      "integrity": "sha512-3g6NUTPd/YtuuGrhMnOMRjFc+LJw/bnMp3+0r/Wcz3IXUuCosKRJvMphm5+Q+bvTVGcJJuRvVLuYba+WojaFaA==",
      "engines": {
        "node": ">=0.8"
      }
    },
    "node_modules/color-convert": {
      "version": "2.0.1",
      "resolved": "https://registry.npmjs.org/color-convert/-/color-convert-2.0.1.tgz",
      "integrity": "sha512-RRECPsj7iu/xb5oKYcsFHSppFNnsj/52OVTRKb4zP5onXwVF3zVmmToNcOfGC+CRDpfK/U584fMg38ZHCaElKQ==",
      "dependencies": {
        "color-name": "~1.1.4"
      },
      "engines": {
        "node": ">=7.0.0"
      }
    },
    "node_modules/color-name": {
      "version": "1.1.4",
      "resolved": "https://registry.npmjs.org/color-name/-/color-name-1.1.4.tgz",
      "integrity": "sha512-dOy+3AuW3a2wNbZHIuMZpTcgjGuLU/uBL/ubcZF9OXbDo8ff4O8yVp5Bf0efS8uEoYo5q4Fx7dY9OgQGXgAsQA=="
    },
    "node_modules/crc-32": {
      "version": "1.2.2",
      "resolved": "https://registry.npmjs.org/crc-32/-/crc-32-1.2.2.tgz",
      "integrity": "sha512-ROmzCKrTnOwybPcJApAA6WBWij23HVfGVNKqqrZpuyZOHqK2CwHSvpGuyt/UNNvaIjEd8X5IFGp4Mh+Ie1IHJQ==",
      "bin": {
        "crc32": "bin/crc32.njs"
      },
      "engines": {
        "node": ">=0.8"
      }
    },
    "node_modules/csv": {
      "version": "5.5.3",
      "resolved": "https://registry.npmjs.org/csv/-/csv-5.5.3.tgz",
      "integrity": "sha512-QTaY0XjjhTQOdguARF0lGKm5/mEq9PD9/VhZZegHDIBq2tQwgNpHc3dneD4mGo2iJs+fTKv5Bp0fZ+BRuY3Z0g==",
      "dependencies": {
        "csv-generate": "^3.4.3",
        "csv-parse": "^4.16.3",
        "csv-stringify": "^5.6.5",
        "stream-transform": "^2.1.3"
      },
      "engines": {
        "node": ">= 0.1.90"
      }
    },
    "node_modules/csv-generate": {
      "version": "3.4.3",
      "resolved": "https://registry.npmjs.org/csv-generate/-/csv-generate-3.4.3.tgz",
      "integrity": "sha512-w/T+rqR0vwvHqWs/1ZyMDWtHHSJaN06klRqJXBEpDJaM/+dZkso0OKh1VcuuYvK3XM53KysVNq8Ko/epCK8wOw=="
    },
    "node_modules/csv-parse": {
      "version": "4.16.3",
      "resolved": "https://registry.npmjs.org/csv-parse/-/csv-parse-4.16.3.tgz",
      "integrity": "sha512-cO1I/zmz4w2dcKHVvpCr7JVRu8/FymG5OEpmvsZYlccYolPBLoVGKUHgNoc4ZGkFeFlWGEDmMyBM+TTqRdW/wg=="
    },
    "node_modules/csv-stringify": {
      "version": "5.6.5",
      "resolved": "https://registry.npmjs.org/csv-stringify/-/csv-stringify-5.6.5.tgz",
      "integrity": "sha512-PjiQ659aQ+fUTQqSrd1XEDnOr52jh30RBurfzkscaE2tPaFsDH5wOAHJiw8XAHphRknCwMUE9KRayc4K/NbO8A=="
    },
    "node_modules/deepmerge": {
      "version": "4.3.1",
      "resolved": "https://registry.npmjs.org/deepmerge/-/deepmerge-4.3.1.tgz",
      "integrity": "sha512-3sUqbMEc77XqpdNO7FRyRog+eW3ph+GYCbj+rK+uYyRMuwsVy0rMiVtPn+QJlKFvWP/1PYpapqYn0Me2knFn+A==",
      "engines": {
        "node": ">=0.10.0"
      }
    },
    "node_modules/dom-serializer": {
      "version": "2.0.0",
      "resolved": "https://registry.npmjs.org/dom-serializer/-/dom-serializer-2.0.0.tgz",
      "integrity": "sha512-wIkAryiqt/nV5EQKqQpo3SToSOV9J0DnbJqwK7Wv/Trc92zIAYZ4FlMu+JPFW1DfGFt81ZTCGgDEabffXeLyJg==",
      "dependencies": {
        "domelementtype": "^2.3.0",
        "domhandler": "^5.0.2",
        "entities": "^4.2.0"
      },
      "funding": {
        "url": "https://github.com/cheeriojs/dom-serializer?sponsor=1"
      }
    },
    "node_modules/domelementtype": {
      "version": "2.3.0",
      "resolved": "https://registry.npmjs.org/domelementtype/-/domelementtype-2.3.0.tgz",
      "integrity": "sha512-OLETBj6w0OsagBwdXnPdN0cnMfF9opN69co+7ZrbfPGrdpPVNBUj02spi6B1N7wChLQiPn4CSH/zJvXw56gmHw==",
      "funding": [
        {
          "type": "github",
          "url": "https://github.com/sponsors/fb55"
        }
      ]
    },
    "node_modules/domhandler": {
      "version": "5.0.3",
      "resolved": "https://registry.npmjs.org/domhandler/-/domhandler-5.0.3.tgz",
      "integrity": "sha512-cgwlv/1iFQiFnU96XXgROh8xTeetsnJiDsTc7TYCLFd9+/WNkIqPTxiM/8pSd8VIrhXGTf1Ny1q1hquVqDJB5w==",
      "dependencies": {
        "domelementtype": "^2.3.0"
      },
      "engines": {
        "node": ">= 4"
      },
      "funding": {
        "url": "https://github.com/fb55/domhandler?sponsor=1"
      }
    },
    "node_modules/domutils": {
      "version": "3.1.0",
      "resolved": "https://registry.npmjs.org/domutils/-/domutils-3.1.0.tgz",
      "integrity": "sha512-H78uMmQtI2AhgDJjWeQmHwJJ2bLPD3GMmO7Zja/ZZh84wkm+4ut+IUnUdRa8uCGX88DiVx1j6FRe1XfxEgjEZA==",
      "dependencies": {
        "dom-serializer": "^2.0.0",
        "domelementtype": "^2.3.0",
        "domhandler": "^5.0.3"
      },
      "funding": {
        "url": "https://github.com/fb55/domutils?sponsor=1"
      }
    },
    "node_modules/emoji-regex": {
      "version": "8.0.0",
      "resolved": "https://registry.npmjs.org/emoji-regex/-/emoji-regex-8.0.0.tgz",
      "integrity": "sha512-MSjYzcWNOA0ewAHpz0MxpYFvwg6yjy1NG3xteoqz644VCo/RPgnr1/GGt+ic3iJTzQ8Eu3TdM14SawnVUmGE6A=="
    },
    "node_modules/entities": {
      "version": "4.5.0",
      "resolved": "https://registry.npmjs.org/entities/-/entities-4.5.0.tgz",
      "integrity": "sha512-V0hjH4dGPh9Ao5p0MoRY6BVqtwCjhz6vI5LT8AJ55H+4g9/4vbHx1I54fS0XuclLhDHArPQCiMjDxjaL8fPxhw==",
      "engines": {
        "node": ">=0.12"
      },
      "funding": {
        "url": "https://github.com/fb55/entities?sponsor=1"
      }
    },
    "node_modules/escalade": {
      "version": "3.1.1",
      "resolved": "https://registry.npmjs.org/escalade/-/escalade-3.1.1.tgz",
      "integrity": "sha512-k0er2gUkLf8O0zKJiAhmkTnJlTvINGv7ygDNPbeIsX/TJjGJZHuh9B2UxbsaEkmlEo9MfhrSzmhIlhRlI2GXnw==",
      "engines": {
        "node": ">=6"
      }
    },
    "node_modules/fast-xml-parser": {
      "version": "4.2.2",
      "resolved": "https://registry.npmjs.org/fast-xml-parser/-/fast-xml-parser-4.2.2.tgz",
      "integrity": "sha512-DLzIPtQqmvmdq3VUKR7T6omPK/VCRNqgFlGtbESfyhcH2R4I8EzK1/K6E8PkRCK2EabWrUHK32NjYRbEFnnz0Q==",
      "funding": [
        {
          "type": "paypal",
          "url": "https://paypal.me/naturalintelligence"
        },
        {
          "type": "github",
          "url": "https://github.com/sponsors/NaturalIntelligence"
        }
      ],
      "dependencies": {
        "strnum": "^1.0.5"
      },
      "bin": {
        "fxparser": "src/cli/cli.js"
      }
    },
    "node_modules/frac": {
      "version": "1.1.2",
      "resolved": "https://registry.npmjs.org/frac/-/frac-1.1.2.tgz",
      "integrity": "sha512-w/XBfkibaTl3YDqASwfDUqkna4Z2p9cFSr1aHDt0WoMTECnRfBOv2WArlZILlqgWlmdIlALXGpM2AOhEk5W3IA==",
      "engines": {
        "node": ">=0.8"
      }
    },
    "node_modules/fs": {
      "version": "0.0.1-security",
      "resolved": "https://registry.npmjs.org/fs/-/fs-0.0.1-security.tgz",
      "integrity": "sha512-3XY9e1pP0CVEUCdj5BmfIZxRBTSDycnbqhIOGec9QYtmVH2fbLpj86CFWkrNOkt/Fvty4KZG5lTglL9j/gJ87w=="
    },
    "node_modules/get-caller-file": {
      "version": "2.0.5",
      "resolved": "https://registry.npmjs.org/get-caller-file/-/get-caller-file-2.0.5.tgz",
      "integrity": "sha512-DyFP3BM/3YHTQOCUL/w0OZHR0lpKeGrxotcHWcqNEdnltqFwXVfhEBQ94eIo34AfQpo0rGki4cyIiftY06h2Fg==",
      "engines": {
        "node": "6.* || 8.* || >= 10.*"
      }
    },
    "node_modules/html-to-text": {
      "version": "9.0.5",
      "resolved": "https://registry.npmjs.org/html-to-text/-/html-to-text-9.0.5.tgz",
      "integrity": "sha512-qY60FjREgVZL03vJU6IfMV4GDjGBIoOyvuFdpBDIX9yTlDw0TjxVBQp+P8NvpdIXNJvfWBTNul7fsAQJq2FNpg==",
      "dependencies": {
        "@selderee/plugin-htmlparser2": "^0.11.0",
        "deepmerge": "^4.3.1",
        "dom-serializer": "^2.0.0",
        "htmlparser2": "^8.0.2",
        "selderee": "^0.11.0"
      },
      "engines": {
        "node": ">=14"
      }
    },
    "node_modules/htmlparser2": {
      "version": "8.0.2",
      "resolved": "https://registry.npmjs.org/htmlparser2/-/htmlparser2-8.0.2.tgz",
      "integrity": "sha512-GYdjWKDkbRLkZ5geuHs5NY1puJ+PXwP7+fHPRz06Eirsb9ugf6d8kkXav6ADhcODhFFPMIXyxkxSuMf3D6NCFA==",
      "funding": [
        "https://github.com/fb55/htmlparser2?sponsor=1",
        {
          "type": "github",
          "url": "https://github.com/sponsors/fb55"
        }
      ],
      "dependencies": {
        "domelementtype": "^2.3.0",
        "domhandler": "^5.0.3",
        "domutils": "^3.0.1",
        "entities": "^4.4.0"
      }
    },
    "node_modules/inherits": {
      "version": "2.0.3",
      "resolved": "https://registry.npmjs.org/inherits/-/inherits-2.0.3.tgz",
      "integrity": "sha512-x00IRNXNy63jwGkJmzPigoySHbaqpNuzKbBOmzK+g2OdZpQ9w+sxCN+VSB3ja7IAge2OP2qpfxTjeNcyjmW1uw=="
    },
    "node_modules/is-fullwidth-code-point": {
      "version": "3.0.0",
      "resolved": "https://registry.npmjs.org/is-fullwidth-code-point/-/is-fullwidth-code-point-3.0.0.tgz",
      "integrity": "sha512-zymm5+u+sCsSWyD9qNaejV3DFvhCKclKdizYaJUuHA83RLjb7nSuGnddCHGv0hk+KY7BMAlsWeK4Ueg6EV6XQg==",
      "engines": {
        "node": ">=8"
      }
    },
    "node_modules/leac": {
      "version": "0.6.0",
      "resolved": "https://registry.npmjs.org/leac/-/leac-0.6.0.tgz",
      "integrity": "sha512-y+SqErxb8h7nE/fiEX07jsbuhrpO9lL8eca7/Y1nuWV2moNlXhyd59iDGcRf6moVyDMbmTNzL40SUyrFU/yDpg==",
      "funding": {
        "url": "https://ko-fi.com/killymxi"
      }
    },
    "node_modules/mixme": {
      "version": "0.5.9",
      "resolved": "https://registry.npmjs.org/mixme/-/mixme-0.5.9.tgz",
      "integrity": "sha512-VC5fg6ySUscaWUpI4gxCBTQMH2RdUpNrk+MsbpCYtIvf9SBJdiUey4qE7BXviJsJR4nDQxCZ+3yaYNW3guz/Pw==",
      "engines": {
        "node": ">= 8.0.0"
      }
    },
    "node_modules/objects-to-csv": {
      "version": "1.3.6",
      "resolved": "https://registry.npmjs.org/objects-to-csv/-/objects-to-csv-1.3.6.tgz",
      "integrity": "sha512-383eSpS3hmgCksW85KIqBtcbgSW5DDVsCmzLoM6C3q4yzOX2rmtWxF4pbLJ76fz+ufA+4/SwAT4QdaY6IUWmAg==",
      "dependencies": {
        "async-csv": "^2.1.3"
      }
    },
    "node_modules/parseley": {
      "version": "0.12.1",
      "resolved": "https://registry.npmjs.org/parseley/-/parseley-0.12.1.tgz",
      "integrity": "sha512-e6qHKe3a9HWr0oMRVDTRhKce+bRO8VGQR3NyVwcjwrbhMmFCX9KszEV35+rn4AdilFAq9VPxP/Fe1wC9Qjd2lw==",
      "dependencies": {
        "leac": "^0.6.0",
        "peberminta": "^0.9.0"
      },
      "funding": {
        "url": "https://ko-fi.com/killymxi"
      }
    },
    "node_modules/path": {
      "version": "0.12.7",
      "resolved": "https://registry.npmjs.org/path/-/path-0.12.7.tgz",
      "integrity": "sha512-aXXC6s+1w7otVF9UletFkFcDsJeO7lSZBPUQhtb5O0xJe8LtYhj/GxldoL09bBj9+ZmE2hNoHqQSFMN5fikh4Q==",
      "dependencies": {
        "process": "^0.11.1",
        "util": "^0.10.3"
      }
    },
    "node_modules/peberminta": {
      "version": "0.9.0",
      "resolved": "https://registry.npmjs.org/peberminta/-/peberminta-0.9.0.tgz",
      "integrity": "sha512-XIxfHpEuSJbITd1H3EeQwpcZbTLHc+VVr8ANI9t5sit565tsI4/xK3KWTUFE2e6QiangUkh3B0jihzmGnNrRsQ==",
      "funding": {
        "url": "https://ko-fi.com/killymxi"
      }
    },
    "node_modules/process": {
      "version": "0.11.10",
      "resolved": "https://registry.npmjs.org/process/-/process-0.11.10.tgz",
      "integrity": "sha512-cdGef/drWFoydD1JsMzuFf8100nZl+GT+yacc2bEced5f9Rjk4z+WtFUTBu9PhOi9j/jfmBPu0mMEY4wIdAF8A==",
      "engines": {
        "node": ">= 0.6.0"
      }
    },
    "node_modules/require-directory": {
      "version": "2.1.1",
      "resolved": "https://registry.npmjs.org/require-directory/-/require-directory-2.1.1.tgz",
      "integrity": "sha512-fGxEI7+wsG9xrvdjsrlmL22OMTTiHRwAMroiEeMgq8gzoLC/PQr7RsRDSTLUg/bZAZtF+TVIkHc6/4RIKrui+Q==",
      "engines": {
        "node": ">=0.10.0"
      }
    },
    "node_modules/selderee": {
      "version": "0.11.0",
      "resolved": "https://registry.npmjs.org/selderee/-/selderee-0.11.0.tgz",
      "integrity": "sha512-5TF+l7p4+OsnP8BCCvSyZiSPc4x4//p5uPwK8TCnVPJYRmU2aYKMpOXvw8zM5a5JvuuCGN1jmsMwuU2W02ukfA==",
      "dependencies": {
        "parseley": "^0.12.0"
      },
      "funding": {
        "url": "https://ko-fi.com/killymxi"
      }
    },
    "node_modules/ssf": {
      "version": "0.11.2",
      "resolved": "https://registry.npmjs.org/ssf/-/ssf-0.11.2.tgz",
      "integrity": "sha512-+idbmIXoYET47hH+d7dfm2epdOMUDjqcB4648sTZ+t2JwoyBFL/insLfB/racrDmsKB3diwsDA696pZMieAC5g==",
      "dependencies": {
        "frac": "~1.1.2"
      },
      "engines": {
        "node": ">=0.8"
      }
    },
    "node_modules/stream-transform": {
      "version": "2.1.3",
      "resolved": "https://registry.npmjs.org/stream-transform/-/stream-transform-2.1.3.tgz",
      "integrity": "sha512-9GHUiM5hMiCi6Y03jD2ARC1ettBXkQBoQAe7nJsPknnI0ow10aXjTnew8QtYQmLjzn974BnmWEAJgCY6ZP1DeQ==",
      "dependencies": {
        "mixme": "^0.5.1"
      }
    },
    "node_modules/string-width": {
      "version": "4.2.3",
      "resolved": "https://registry.npmjs.org/string-width/-/string-width-4.2.3.tgz",
      "integrity": "sha512-wKyQRQpjJ0sIp62ErSZdGsjMJWsap5oRNihHhu6G7JVO/9jIB6UyevL+tXuOqrng8j/cxKTWyWUwvSTriiZz/g==",
      "dependencies": {
        "emoji-regex": "^8.0.0",
        "is-fullwidth-code-point": "^3.0.0",
        "strip-ansi": "^6.0.1"
      },
      "engines": {
        "node": ">=8"
      }
    },
    "node_modules/strip-ansi": {
      "version": "6.0.1",
      "resolved": "https://registry.npmjs.org/strip-ansi/-/strip-ansi-6.0.1.tgz",
      "integrity": "sha512-Y38VPSHcqkFrCpFnQ9vuSXmquuv5oXOKpGeT6aGrr3o3Gc9AlVa6JBfUSOCnbxGGZF+/0ooI7KrPuUSztUdU5A==",
      "dependencies": {
        "ansi-regex": "^5.0.1"
      },
      "engines": {
        "node": ">=8"
      }
    },
    "node_modules/strnum": {
      "version": "1.0.5",
      "resolved": "https://registry.npmjs.org/strnum/-/strnum-1.0.5.tgz",
      "integrity": "sha512-J8bbNyKKXl5qYcR36TIO8W3mVGVHrmmxsd5PAItGkmyzwJvybiw2IVq5nqd0i4LSNSkB/sx9VHllbfFdr9k1JA=="
    },
    "node_modules/util": {
      "version": "0.10.4",
      "resolved": "https://registry.npmjs.org/util/-/util-0.10.4.tgz",
      "integrity": "sha512-0Pm9hTQ3se5ll1XihRic3FDIku70C+iHUdT/W926rSgHV5QgXsYbKZN8MSC3tJtSkhuROzvsQjAaFENRXr+19A==",
      "dependencies": {
        "inherits": "2.0.3"
      }
    },
    "node_modules/wmf": {
      "version": "1.0.2",
      "resolved": "https://registry.npmjs.org/wmf/-/wmf-1.0.2.tgz",
      "integrity": "sha512-/p9K7bEh0Dj6WbXg4JG0xvLQmIadrner1bi45VMJTfnbVHsc7yIajZyoSoK60/dtVBs12Fm6WkUI5/3WAVsNMw==",
      "engines": {
        "node": ">=0.8"
      }
    },
    "node_modules/word": {
      "version": "0.3.0",
      "resolved": "https://registry.npmjs.org/word/-/word-0.3.0.tgz",
      "integrity": "sha512-OELeY0Q61OXpdUfTp+oweA/vtLVg5VDOXh+3he3PNzLGG/y0oylSOC1xRVj0+l4vQ3tj/bB1HVHv1ocXkQceFA==",
      "engines": {
        "node": ">=0.8"
      }
    },
    "node_modules/wrap-ansi": {
      "version": "7.0.0",
      "resolved": "https://registry.npmjs.org/wrap-ansi/-/wrap-ansi-7.0.0.tgz",
      "integrity": "sha512-YVGIj2kamLSTxw6NsZjoBxfSwsn0ycdesmc4p+Q21c5zPuZ1pl+NfxVdxPtdHvmNVOQ6XSYG4AUtyt/Fi7D16Q==",
      "dependencies": {
        "ansi-styles": "^4.0.0",
        "string-width": "^4.1.0",
        "strip-ansi": "^6.0.0"
      },
      "engines": {
        "node": ">=10"
      },
      "funding": {
        "url": "https://github.com/chalk/wrap-ansi?sponsor=1"
      }
    },
    "node_modules/xlsx": {
      "version": "0.18.5",
      "resolved": "https://registry.npmjs.org/xlsx/-/xlsx-0.18.5.tgz",
      "integrity": "sha512-dmg3LCjBPHZnQp5/F/+nnTa+miPJxUXB6vtk42YjBBKayDNagxGEeIdWApkYPOf3Z3pm3k62Knjzp7lMeTEtFQ==",
      "dependencies": {
        "adler-32": "~1.3.0",
        "cfb": "~1.2.1",
        "codepage": "~1.15.0",
        "crc-32": "~1.2.1",
        "ssf": "~0.11.2",
        "wmf": "~1.0.1",
        "word": "~0.3.0"
      },
      "bin": {
        "xlsx": "bin/xlsx.njs"
      },
      "engines": {
        "node": ">=0.8"
      }
    },
    "node_modules/y18n": {
      "version": "5.0.8",
      "resolved": "https://registry.npmjs.org/y18n/-/y18n-5.0.8.tgz",
      "integrity": "sha512-0pfFzegeDWJHJIAmTLRP2DwHjdF5s7jo9tuztdQxAhINCdvS+3nGINqPd00AphqJR/0LhANUS6/+7SCb98YOfA==",
      "engines": {
        "node": ">=10"
      }
    },
    "node_modules/yargs": {
      "version": "17.7.2",
      "resolved": "https://registry.npmjs.org/yargs/-/yargs-17.7.2.tgz",
      "integrity": "sha512-7dSzzRQ++CKnNI/krKnYRV7JKKPUXMEh61soaHKg9mrWEhzFWhFnxPxGl+69cD1Ou63C13NUPCnmIcrvqCuM6w==",
      "dependencies": {
        "cliui": "^8.0.1",
        "escalade": "^3.1.1",
        "get-caller-file": "^2.0.5",
        "require-directory": "^2.1.1",
        "string-width": "^4.2.3",
        "y18n": "^5.0.5",
        "yargs-parser": "^21.1.1"
      },
      "engines": {
        "node": ">=12"
      }
    },
    "node_modules/yargs-parser": {
      "version": "21.1.1",
      "resolved": "https://registry.npmjs.org/yargs-parser/-/yargs-parser-21.1.1.tgz",
      "integrity": "sha512-tVpsJW7DdjecAiFpbIB1e3qxIQsE6NoPc5/eTdrbbIC4h0LVsWhnoa3g+m2HclBIujHzsxZ4VJVA+GUuc2/LBw==",
      "engines": {
        "node": ">=12"
      }
    }
  },
  "dependencies": {
    "@selderee/plugin-htmlparser2": {
      "version": "0.11.0",
      "resolved": "https://registry.npmjs.org/@selderee/plugin-htmlparser2/-/plugin-htmlparser2-0.11.0.tgz",
      "integrity": "sha512-P33hHGdldxGabLFjPPpaTxVolMrzrcegejx+0GxjrIb9Zv48D8yAIA/QTDR2dFl7Uz7urX8aX6+5bCZslr+gWQ==",
      "requires": {
        "domhandler": "^5.0.3",
        "selderee": "^0.11.0"
      }
    },
    "adler-32": {
      "version": "1.3.1",
      "resolved": "https://registry.npmjs.org/adler-32/-/adler-32-1.3.1.tgz",
      "integrity": "sha512-ynZ4w/nUUv5rrsR8UUGoe1VC9hZj6V5hU9Qw1HlMDJGEJw5S7TfTErWTjMys6M7vr0YWcPqs3qAr4ss0nDfP+A=="
    },
    "ansi-regex": {
      "version": "5.0.1",
      "resolved": "https://registry.npmjs.org/ansi-regex/-/ansi-regex-5.0.1.tgz",
      "integrity": "sha512-quJQXlTSUGL2LH9SUXo8VwsY4soanhgo6LNSm84E1LBcE8s3O0wpdiRzyR9z/ZZJMlMWv37qOOb9pdJlMUEKFQ=="
    },
    "ansi-styles": {
      "version": "4.3.0",
      "resolved": "https://registry.npmjs.org/ansi-styles/-/ansi-styles-4.3.0.tgz",
      "integrity": "sha512-zbB9rCJAT1rbjiVDb2hqKFHNYLxgtk8NURxZ3IZwD3F6NtxbXZQCnnSi1Lkx+IDohdPlFp222wVALIheZJQSEg==",
      "requires": {
        "color-convert": "^2.0.1"
      }
    },
    "async-csv": {
      "version": "2.1.3",
      "resolved": "https://registry.npmjs.org/async-csv/-/async-csv-2.1.3.tgz",
      "integrity": "sha512-mpsCN+D7mzZeqrlDw7UTPhvDQDlx1i819E9fbKIt8drkgED5FSOlBv3Rk/+sXdevnO2wwlRkVOQ4kdT0AyqPqQ==",
      "requires": {
        "csv": "^5.1.3"
      }
    },
    "cfb": {
      "version": "1.2.2",
      "resolved": "https://registry.npmjs.org/cfb/-/cfb-1.2.2.tgz",
      "integrity": "sha512-KfdUZsSOw19/ObEWasvBP/Ac4reZvAGauZhs6S/gqNhXhI7cKwvlH7ulj+dOEYnca4bm4SGo8C1bTAQvnTjgQA==",
      "requires": {
        "adler-32": "~1.3.0",
        "crc-32": "~1.2.0"
      }
    },
    "cliui": {
      "version": "8.0.1",
      "resolved": "https://registry.npmjs.org/cliui/-/cliui-8.0.1.tgz",
      "integrity": "sha512-BSeNnyus75C4//NQ9gQt1/csTXyo/8Sb+afLAkzAptFuMsod9HFokGNudZpi/oQV73hnVK+sR+5PVRMd+Dr7YQ==",
      "requires": {
        "string-width": "^4.2.0",
        "strip-ansi": "^6.0.1",
        "wrap-ansi": "^7.0.0"
      }
    },
    "codepage": {
      "version": "1.15.0",
      "resolved": "https://registry.npmjs.org/codepage/-/codepage-1.15.0.tgz",
      "integrity": "sha512-3g6NUTPd/YtuuGrhMnOMRjFc+LJw/bnMp3+0r/Wcz3IXUuCosKRJvMphm5+Q+bvTVGcJJuRvVLuYba+WojaFaA=="
    },
    "color-convert": {
      "version": "2.0.1",
      "resolved": "https://registry.npmjs.org/color-convert/-/color-convert-2.0.1.tgz",
      "integrity": "sha512-RRECPsj7iu/xb5oKYcsFHSppFNnsj/52OVTRKb4zP5onXwVF3zVmmToNcOfGC+CRDpfK/U584fMg38ZHCaElKQ==",
      "requires": {
        "color-name": "~1.1.4"
      }
    },
    "color-name": {
      "version": "1.1.4",
      "resolved": "https://registry.npmjs.org/color-name/-/color-name-1.1.4.tgz",
      "integrity": "sha512-dOy+3AuW3a2wNbZHIuMZpTcgjGuLU/uBL/ubcZF9OXbDo8ff4O8yVp5Bf0efS8uEoYo5q4Fx7dY9OgQGXgAsQA=="
    },
    "crc-32": {
      "version": "1.2.2",
      "resolved": "https://registry.npmjs.org/crc-32/-/crc-32-1.2.2.tgz",
      "integrity": "sha512-ROmzCKrTnOwybPcJApAA6WBWij23HVfGVNKqqrZpuyZOHqK2CwHSvpGuyt/UNNvaIjEd8X5IFGp4Mh+Ie1IHJQ=="
    },
    "csv": {
      "version": "5.5.3",
      "resolved": "https://registry.npmjs.org/csv/-/csv-5.5.3.tgz",
      "integrity": "sha512-QTaY0XjjhTQOdguARF0lGKm5/mEq9PD9/VhZZegHDIBq2tQwgNpHc3dneD4mGo2iJs+fTKv5Bp0fZ+BRuY3Z0g==",
      "requires": {
        "csv-generate": "^3.4.3",
        "csv-parse": "^4.16.3",
        "csv-stringify": "^5.6.5",
        "stream-transform": "^2.1.3"
      }
    },
    "csv-generate": {
      "version": "3.4.3",
      "resolved": "https://registry.npmjs.org/csv-generate/-/csv-generate-3.4.3.tgz",
      "integrity": "sha512-w/T+rqR0vwvHqWs/1ZyMDWtHHSJaN06klRqJXBEpDJaM/+dZkso0OKh1VcuuYvK3XM53KysVNq8Ko/epCK8wOw=="
    },
    "csv-parse": {
      "version": "4.16.3",
      "resolved": "https://registry.npmjs.org/csv-parse/-/csv-parse-4.16.3.tgz",
      "integrity": "sha512-cO1I/zmz4w2dcKHVvpCr7JVRu8/FymG5OEpmvsZYlccYolPBLoVGKUHgNoc4ZGkFeFlWGEDmMyBM+TTqRdW/wg=="
    },
    "csv-stringify": {
      "version": "5.6.5",
      "resolved": "https://registry.npmjs.org/csv-stringify/-/csv-stringify-5.6.5.tgz",
      "integrity": "sha512-PjiQ659aQ+fUTQqSrd1XEDnOr52jh30RBurfzkscaE2tPaFsDH5wOAHJiw8XAHphRknCwMUE9KRayc4K/NbO8A=="
    },
    "deepmerge": {
      "version": "4.3.1",
      "resolved": "https://registry.npmjs.org/deepmerge/-/deepmerge-4.3.1.tgz",
      "integrity": "sha512-3sUqbMEc77XqpdNO7FRyRog+eW3ph+GYCbj+rK+uYyRMuwsVy0rMiVtPn+QJlKFvWP/1PYpapqYn0Me2knFn+A=="
    },
    "dom-serializer": {
      "version": "2.0.0",
      "resolved": "https://registry.npmjs.org/dom-serializer/-/dom-serializer-2.0.0.tgz",
      "integrity": "sha512-wIkAryiqt/nV5EQKqQpo3SToSOV9J0DnbJqwK7Wv/Trc92zIAYZ4FlMu+JPFW1DfGFt81ZTCGgDEabffXeLyJg==",
      "requires": {
        "domelementtype": "^2.3.0",
        "domhandler": "^5.0.2",
        "entities": "^4.2.0"
      }
    },
    "domelementtype": {
      "version": "2.3.0",
      "resolved": "https://registry.npmjs.org/domelementtype/-/domelementtype-2.3.0.tgz",
      "integrity": "sha512-OLETBj6w0OsagBwdXnPdN0cnMfF9opN69co+7ZrbfPGrdpPVNBUj02spi6B1N7wChLQiPn4CSH/zJvXw56gmHw=="
    },
    "domhandler": {
      "version": "5.0.3",
      "resolved": "https://registry.npmjs.org/domhandler/-/domhandler-5.0.3.tgz",
      "integrity": "sha512-cgwlv/1iFQiFnU96XXgROh8xTeetsnJiDsTc7TYCLFd9+/WNkIqPTxiM/8pSd8VIrhXGTf1Ny1q1hquVqDJB5w==",
      "requires": {
        "domelementtype": "^2.3.0"
      }
    },
    "domutils": {
      "version": "3.1.0",
      "resolved": "https://registry.npmjs.org/domutils/-/domutils-3.1.0.tgz",
      "integrity": "sha512-H78uMmQtI2AhgDJjWeQmHwJJ2bLPD3GMmO7Zja/ZZh84wkm+4ut+IUnUdRa8uCGX88DiVx1j6FRe1XfxEgjEZA==",
      "requires": {
        "dom-serializer": "^2.0.0",
        "domelementtype": "^2.3.0",
        "domhandler": "^5.0.3"
      }
    },
    "emoji-regex": {
      "version": "8.0.0",
      "resolved": "https://registry.npmjs.org/emoji-regex/-/emoji-regex-8.0.0.tgz",
      "integrity": "sha512-MSjYzcWNOA0ewAHpz0MxpYFvwg6yjy1NG3xteoqz644VCo/RPgnr1/GGt+ic3iJTzQ8Eu3TdM14SawnVUmGE6A=="
    },
    "entities": {
      "version": "4.5.0",
      "resolved": "https://registry.npmjs.org/entities/-/entities-4.5.0.tgz",
      "integrity": "sha512-V0hjH4dGPh9Ao5p0MoRY6BVqtwCjhz6vI5LT8AJ55H+4g9/4vbHx1I54fS0XuclLhDHArPQCiMjDxjaL8fPxhw=="
    },
    "escalade": {
      "version": "3.1.1",
      "resolved": "https://registry.npmjs.org/escalade/-/escalade-3.1.1.tgz",
      "integrity": "sha512-k0er2gUkLf8O0zKJiAhmkTnJlTvINGv7ygDNPbeIsX/TJjGJZHuh9B2UxbsaEkmlEo9MfhrSzmhIlhRlI2GXnw=="
    },
    "fast-xml-parser": {
      "version": "4.2.2",
      "resolved": "https://registry.npmjs.org/fast-xml-parser/-/fast-xml-parser-4.2.2.tgz",
      "integrity": "sha512-DLzIPtQqmvmdq3VUKR7T6omPK/VCRNqgFlGtbESfyhcH2R4I8EzK1/K6E8PkRCK2EabWrUHK32NjYRbEFnnz0Q==",
      "requires": {
        "strnum": "^1.0.5"
      }
    },
    "frac": {
      "version": "1.1.2",
      "resolved": "https://registry.npmjs.org/frac/-/frac-1.1.2.tgz",
      "integrity": "sha512-w/XBfkibaTl3YDqASwfDUqkna4Z2p9cFSr1aHDt0WoMTECnRfBOv2WArlZILlqgWlmdIlALXGpM2AOhEk5W3IA=="
    },
    "fs": {
      "version": "0.0.1-security",
      "resolved": "https://registry.npmjs.org/fs/-/fs-0.0.1-security.tgz",
      "integrity": "sha512-3XY9e1pP0CVEUCdj5BmfIZxRBTSDycnbqhIOGec9QYtmVH2fbLpj86CFWkrNOkt/Fvty4KZG5lTglL9j/gJ87w=="
    },
    "get-caller-file": {
      "version": "2.0.5",
      "resolved": "https://registry.npmjs.org/get-caller-file/-/get-caller-file-2.0.5.tgz",
      "integrity": "sha512-DyFP3BM/3YHTQOCUL/w0OZHR0lpKeGrxotcHWcqNEdnltqFwXVfhEBQ94eIo34AfQpo0rGki4cyIiftY06h2Fg=="
    },
    "html-to-text": {
      "version": "9.0.5",
      "resolved": "https://registry.npmjs.org/html-to-text/-/html-to-text-9.0.5.tgz",
      "integrity": "sha512-qY60FjREgVZL03vJU6IfMV4GDjGBIoOyvuFdpBDIX9yTlDw0TjxVBQp+P8NvpdIXNJvfWBTNul7fsAQJq2FNpg==",
      "requires": {
        "@selderee/plugin-htmlparser2": "^0.11.0",
        "deepmerge": "^4.3.1",
        "dom-serializer": "^2.0.0",
        "htmlparser2": "^8.0.2",
        "selderee": "^0.11.0"
      }
    },
    "htmlparser2": {
      "version": "8.0.2",
      "resolved": "https://registry.npmjs.org/htmlparser2/-/htmlparser2-8.0.2.tgz",
      "integrity": "sha512-GYdjWKDkbRLkZ5geuHs5NY1puJ+PXwP7+fHPRz06Eirsb9ugf6d8kkXav6ADhcODhFFPMIXyxkxSuMf3D6NCFA==",
      "requires": {
        "domelementtype": "^2.3.0",
        "domhandler": "^5.0.3",
        "domutils": "^3.0.1",
        "entities": "^4.4.0"
      }
    },
    "inherits": {
      "version": "2.0.3",
      "resolved": "https://registry.npmjs.org/inherits/-/inherits-2.0.3.tgz",
      "integrity": "sha512-x00IRNXNy63jwGkJmzPigoySHbaqpNuzKbBOmzK+g2OdZpQ9w+sxCN+VSB3ja7IAge2OP2qpfxTjeNcyjmW1uw=="
    },
    "is-fullwidth-code-point": {
      "version": "3.0.0",
      "resolved": "https://registry.npmjs.org/is-fullwidth-code-point/-/is-fullwidth-code-point-3.0.0.tgz",
      "integrity": "sha512-zymm5+u+sCsSWyD9qNaejV3DFvhCKclKdizYaJUuHA83RLjb7nSuGnddCHGv0hk+KY7BMAlsWeK4Ueg6EV6XQg=="
    },
    "leac": {
      "version": "0.6.0",
      "resolved": "https://registry.npmjs.org/leac/-/leac-0.6.0.tgz",
      "integrity": "sha512-y+SqErxb8h7nE/fiEX07jsbuhrpO9lL8eca7/Y1nuWV2moNlXhyd59iDGcRf6moVyDMbmTNzL40SUyrFU/yDpg=="
    },
    "mixme": {
      "version": "0.5.9",
      "resolved": "https://registry.npmjs.org/mixme/-/mixme-0.5.9.tgz",
      "integrity": "sha512-VC5fg6ySUscaWUpI4gxCBTQMH2RdUpNrk+MsbpCYtIvf9SBJdiUey4qE7BXviJsJR4nDQxCZ+3yaYNW3guz/Pw=="
    },
    "objects-to-csv": {
      "version": "1.3.6",
      "resolved": "https://registry.npmjs.org/objects-to-csv/-/objects-to-csv-1.3.6.tgz",
      "integrity": "sha512-383eSpS3hmgCksW85KIqBtcbgSW5DDVsCmzLoM6C3q4yzOX2rmtWxF4pbLJ76fz+ufA+4/SwAT4QdaY6IUWmAg==",
      "requires": {
        "async-csv": "^2.1.3"
      }
    },
    "parseley": {
      "version": "0.12.1",
      "resolved": "https://registry.npmjs.org/parseley/-/parseley-0.12.1.tgz",
      "integrity": "sha512-e6qHKe3a9HWr0oMRVDTRhKce+bRO8VGQR3NyVwcjwrbhMmFCX9KszEV35+rn4AdilFAq9VPxP/Fe1wC9Qjd2lw==",
      "requires": {
        "leac": "^0.6.0",
        "peberminta": "^0.9.0"
      }
    },
    "path": {
      "version": "0.12.7",
      "resolved": "https://registry.npmjs.org/path/-/path-0.12.7.tgz",
      "integrity": "sha512-aXXC6s+1w7otVF9UletFkFcDsJeO7lSZBPUQhtb5O0xJe8LtYhj/GxldoL09bBj9+ZmE2hNoHqQSFMN5fikh4Q==",
      "requires": {
        "process": "^0.11.1",
        "util": "^0.10.3"
      }
    },
    "peberminta": {
      "version": "0.9.0",
      "resolved": "https://registry.npmjs.org/peberminta/-/peberminta-0.9.0.tgz",
      "integrity": "sha512-XIxfHpEuSJbITd1H3EeQwpcZbTLHc+VVr8ANI9t5sit565tsI4/xK3KWTUFE2e6QiangUkh3B0jihzmGnNrRsQ=="
    },
    "process": {
      "version": "0.11.10",
      "resolved": "https://registry.npmjs.org/process/-/process-0.11.10.tgz",
      "integrity": "sha512-cdGef/drWFoydD1JsMzuFf8100nZl+GT+yacc2bEced5f9Rjk4z+WtFUTBu9PhOi9j/jfmBPu0mMEY4wIdAF8A=="
    },
    "require-directory": {
      "version": "2.1.1",
      "resolved": "https://registry.npmjs.org/require-directory/-/require-directory-2.1.1.tgz",
      "integrity": "sha512-fGxEI7+wsG9xrvdjsrlmL22OMTTiHRwAMroiEeMgq8gzoLC/PQr7RsRDSTLUg/bZAZtF+TVIkHc6/4RIKrui+Q=="
    },
    "selderee": {
      "version": "0.11.0",
      "resolved": "https://registry.npmjs.org/selderee/-/selderee-0.11.0.tgz",
      "integrity": "sha512-5TF+l7p4+OsnP8BCCvSyZiSPc4x4//p5uPwK8TCnVPJYRmU2aYKMpOXvw8zM5a5JvuuCGN1jmsMwuU2W02ukfA==",
      "requires": {
        "parseley": "^0.12.0"
      }
    },
    "ssf": {
      "version": "0.11.2",
      "resolved": "https://registry.npmjs.org/ssf/-/ssf-0.11.2.tgz",
      "integrity": "sha512-+idbmIXoYET47hH+d7dfm2epdOMUDjqcB4648sTZ+t2JwoyBFL/insLfB/racrDmsKB3diwsDA696pZMieAC5g==",
      "requires": {
        "frac": "~1.1.2"
      }
    },
    "stream-transform": {
      "version": "2.1.3",
      "resolved": "https://registry.npmjs.org/stream-transform/-/stream-transform-2.1.3.tgz",
      "integrity": "sha512-9GHUiM5hMiCi6Y03jD2ARC1ettBXkQBoQAe7nJsPknnI0ow10aXjTnew8QtYQmLjzn974BnmWEAJgCY6ZP1DeQ==",
      "requires": {
        "mixme": "^0.5.1"
      }
    },
    "string-width": {
      "version": "4.2.3",
      "resolved": "https://registry.npmjs.org/string-width/-/string-width-4.2.3.tgz",
      "integrity": "sha512-wKyQRQpjJ0sIp62ErSZdGsjMJWsap5oRNihHhu6G7JVO/9jIB6UyevL+tXuOqrng8j/cxKTWyWUwvSTriiZz/g==",
      "requires": {
        "emoji-regex": "^8.0.0",
        "is-fullwidth-code-point": "^3.0.0",
        "strip-ansi": "^6.0.1"
      }
    },
    "strip-ansi": {
      "version": "6.0.1",
      "resolved": "https://registry.npmjs.org/strip-ansi/-/strip-ansi-6.0.1.tgz",
      "integrity": "sha512-Y38VPSHcqkFrCpFnQ9vuSXmquuv5oXOKpGeT6aGrr3o3Gc9AlVa6JBfUSOCnbxGGZF+/0ooI7KrPuUSztUdU5A==",
      "requires": {
        "ansi-regex": "^5.0.1"
      }
    },
    "strnum": {
      "version": "1.0.5",
      "resolved": "https://registry.npmjs.org/strnum/-/strnum-1.0.5.tgz",
      "integrity": "sha512-J8bbNyKKXl5qYcR36TIO8W3mVGVHrmmxsd5PAItGkmyzwJvybiw2IVq5nqd0i4LSNSkB/sx9VHllbfFdr9k1JA=="
    },
    "util": {
      "version": "0.10.4",
      "resolved": "https://registry.npmjs.org/util/-/util-0.10.4.tgz",
      "integrity": "sha512-0Pm9hTQ3se5ll1XihRic3FDIku70C+iHUdT/W926rSgHV5QgXsYbKZN8MSC3tJtSkhuROzvsQjAaFENRXr+19A==",
      "requires": {
        "inherits": "2.0.3"
      }
    },
    "wmf": {
      "version": "1.0.2",
      "resolved": "https://registry.npmjs.org/wmf/-/wmf-1.0.2.tgz",
      "integrity": "sha512-/p9K7bEh0Dj6WbXg4JG0xvLQmIadrner1bi45VMJTfnbVHsc7yIajZyoSoK60/dtVBs12Fm6WkUI5/3WAVsNMw=="
    },
    "word": {
      "version": "0.3.0",
      "resolved": "https://registry.npmjs.org/word/-/word-0.3.0.tgz",
      "integrity": "sha512-OELeY0Q61OXpdUfTp+oweA/vtLVg5VDOXh+3he3PNzLGG/y0oylSOC1xRVj0+l4vQ3tj/bB1HVHv1ocXkQceFA=="
    },
    "wrap-ansi": {
      "version": "7.0.0",
      "resolved": "https://registry.npmjs.org/wrap-ansi/-/wrap-ansi-7.0.0.tgz",
      "integrity": "sha512-YVGIj2kamLSTxw6NsZjoBxfSwsn0ycdesmc4p+Q21c5zPuZ1pl+NfxVdxPtdHvmNVOQ6XSYG4AUtyt/Fi7D16Q==",
      "requires": {
        "ansi-styles": "^4.0.0",
        "string-width": "^4.1.0",
        "strip-ansi": "^6.0.0"
      }
    },
    "xlsx": {
      "version": "0.18.5",
      "resolved": "https://registry.npmjs.org/xlsx/-/xlsx-0.18.5.tgz",
      "integrity": "sha512-dmg3LCjBPHZnQp5/F/+nnTa+miPJxUXB6vtk42YjBBKayDNagxGEeIdWApkYPOf3Z3pm3k62Knjzp7lMeTEtFQ==",
      "requires": {
        "adler-32": "~1.3.0",
        "cfb": "~1.2.1",
        "codepage": "~1.15.0",
        "crc-32": "~1.2.1",
        "ssf": "~0.11.2",
        "wmf": "~1.0.1",
        "word": "~0.3.0"
      }
    },
    "y18n": {
      "version": "5.0.8",
      "resolved": "https://registry.npmjs.org/y18n/-/y18n-5.0.8.tgz",
      "integrity": "sha512-0pfFzegeDWJHJIAmTLRP2DwHjdF5s7jo9tuztdQxAhINCdvS+3nGINqPd00AphqJR/0LhANUS6/+7SCb98YOfA=="
    },
    "yargs": {
      "version": "17.7.2",
      "resolved": "https://registry.npmjs.org/yargs/-/yargs-17.7.2.tgz",
      "integrity": "sha512-7dSzzRQ++CKnNI/krKnYRV7JKKPUXMEh61soaHKg9mrWEhzFWhFnxPxGl+69cD1Ou63C13NUPCnmIcrvqCuM6w==",
      "requires": {
        "cliui": "^8.0.1",
        "escalade": "^3.1.1",
        "get-caller-file": "^2.0.5",
        "require-directory": "^2.1.1",
        "string-width": "^4.2.3",
        "y18n": "^5.0.5",
        "yargs-parser": "^21.1.1"
      }
    },
    "yargs-parser": {
      "version": "21.1.1",
      "resolved": "https://registry.npmjs.org/yargs-parser/-/yargs-parser-21.1.1.tgz",
      "integrity": "sha512-tVpsJW7DdjecAiFpbIB1e3qxIQsE6NoPc5/eTdrbbIC4h0LVsWhnoa3g+m2HclBIujHzsxZ4VJVA+GUuc2/LBw=="
    }
  }
}
